// !$*UTF8*$!
{
	archiveVersion = 1;
	classes = {
	};
	objectVersion = 55;
	objects = {

/* Begin PBXBuildFile section */
		0305DD11267A9FF7000DA4C7 /* SecondaryStatus.swift in Sources */ = {isa = PBXBuildFile; fileRef = 0305DD10267A9FF7000DA4C7 /* SecondaryStatus.swift */; };
		0305DD13267AA086000DA4C7 /* Misc.swift in Sources */ = {isa = PBXBuildFile; fileRef = 0305DD12267AA086000DA4C7 /* Misc.swift */; };
		036C17BE2674F0AF006461A9 /* _Notes.swift in Sources */ = {isa = PBXBuildFile; fileRef = 036C17BD2674F0AF006461A9 /* _Notes.swift */; };
		0380EC3E26704BD800DF4A87 /* helloApp.swift in Sources */ = {isa = PBXBuildFile; fileRef = 0380EC3D26704BD800DF4A87 /* helloApp.swift */; };
		0380EC4026704BD800DF4A87 /* ContentView.swift in Sources */ = {isa = PBXBuildFile; fileRef = 0380EC3F26704BD800DF4A87 /* ContentView.swift */; };
		0380EC4226704BD900DF4A87 /* Assets.xcassets in Resources */ = {isa = PBXBuildFile; fileRef = 0380EC4126704BD900DF4A87 /* Assets.xcassets */; };
		0380EC4526704BD900DF4A87 /* Preview Assets.xcassets in Resources */ = {isa = PBXBuildFile; fileRef = 0380EC4426704BD900DF4A87 /* Preview Assets.xcassets */; };
		0380EC4F26704BD900DF4A87 /* helloTests.swift in Sources */ = {isa = PBXBuildFile; fileRef = 0380EC4E26704BD900DF4A87 /* helloTests.swift */; };
		0380EC5926704BD900DF4A87 /* helloUITests.swift in Sources */ = {isa = PBXBuildFile; fileRef = 0380EC5826704BD900DF4A87 /* helloUITests.swift */; };
		0380EC662670509C00DF4A87 /* Utils.swift in Sources */ = {isa = PBXBuildFile; fileRef = 0380EC652670509C00DF4A87 /* Utils.swift */; };
		03D33244267267E9006135BE /* WelcomeView.swift in Sources */ = {isa = PBXBuildFile; fileRef = 03D33243267267E9006135BE /* WelcomeView.swift */; };
		03D3324926729172006135BE /* Defaults.swift in Sources */ = {isa = PBXBuildFile; fileRef = 03D3324826729172006135BE /* Defaults.swift */; };
		03D3324C26729238006135BE /* PreferencesStructure.swift in Sources */ = {isa = PBXBuildFile; fileRef = 03D3324B26729238006135BE /* PreferencesStructure.swift */; };
		03D3324E2672A3EC006135BE /* TopIcons.swift in Sources */ = {isa = PBXBuildFile; fileRef = 03D3324D2672A3EC006135BE /* TopIcons.swift */; };
		03D332502672A412006135BE /* CompanyText.swift in Sources */ = {isa = PBXBuildFile; fileRef = 03D3324F2672A412006135BE /* CompanyText.swift */; };
		03D332532672A4A7006135BE /* PrimaryStatus.swift in Sources */ = {isa = PBXBuildFile; fileRef = 03D332522672A4A7006135BE /* PrimaryStatus.swift */; };
		03D332582672A69F006135BE /* ProvisioningView.swift in Sources */ = {isa = PBXBuildFile; fileRef = 03D332572672A69F006135BE /* ProvisioningView.swift */; };
		03F00B8D2673AE1E004399FE /* ExitView.swift in Sources */ = {isa = PBXBuildFile; fileRef = 03F00B8C2673AE1E004399FE /* ExitView.swift */; };
/* End PBXBuildFile section */

/* Begin PBXContainerItemProxy section */
		0380EC4B26704BD900DF4A87 /* PBXContainerItemProxy */ = {
			isa = PBXContainerItemProxy;
			containerPortal = 0380EC3226704BD800DF4A87 /* Project object */;
			proxyType = 1;
			remoteGlobalIDString = 0380EC3926704BD800DF4A87;
			remoteInfo = hello;
		};
		0380EC5526704BD900DF4A87 /* PBXContainerItemProxy */ = {
			isa = PBXContainerItemProxy;
			containerPortal = 0380EC3226704BD800DF4A87 /* Project object */;
			proxyType = 1;
			remoteGlobalIDString = 0380EC3926704BD800DF4A87;
			remoteInfo = hello;
		};
/* End PBXContainerItemProxy section */

/* Begin PBXFileReference section */
		0305DD10267A9FF7000DA4C7 /* SecondaryStatus.swift */ = {isa = PBXFileReference; lastKnownFileType = sourcecode.swift; path = SecondaryStatus.swift; sourceTree = "<group>"; };
		0305DD12267AA086000DA4C7 /* Misc.swift */ = {isa = PBXFileReference; lastKnownFileType = sourcecode.swift; path = Misc.swift; sourceTree = "<group>"; };
		036BFFEA2C56ABF30077D261 /* README.md */ = {isa = PBXFileReference; lastKnownFileType = net.daringfireball.markdown; path = README.md; sourceTree = "<group>"; };
		036C17BD2674F0AF006461A9 /* _Notes.swift */ = {isa = PBXFileReference; lastKnownFileType = sourcecode.swift; path = _Notes.swift; sourceTree = "<group>"; };
		0380EC3A26704BD800DF4A87 /* hello.app */ = {isa = PBXFileReference; explicitFileType = wrapper.application; includeInIndex = 0; path = hello.app; sourceTree = BUILT_PRODUCTS_DIR; };
		0380EC3D26704BD800DF4A87 /* helloApp.swift */ = {isa = PBXFileReference; lastKnownFileType = sourcecode.swift; path = helloApp.swift; sourceTree = "<group>"; };
		0380EC3F26704BD800DF4A87 /* ContentView.swift */ = {isa = PBXFileReference; lastKnownFileType = sourcecode.swift; path = ContentView.swift; sourceTree = "<group>"; };
		0380EC4126704BD900DF4A87 /* Assets.xcassets */ = {isa = PBXFileReference; lastKnownFileType = folder.assetcatalog; path = Assets.xcassets; sourceTree = "<group>"; };
		0380EC4426704BD900DF4A87 /* Preview Assets.xcassets */ = {isa = PBXFileReference; lastKnownFileType = folder.assetcatalog; path = "Preview Assets.xcassets"; sourceTree = "<group>"; };
		0380EC4A26704BD900DF4A87 /* helloTests.xctest */ = {isa = PBXFileReference; explicitFileType = wrapper.cfbundle; includeInIndex = 0; path = helloTests.xctest; sourceTree = BUILT_PRODUCTS_DIR; };
		0380EC4E26704BD900DF4A87 /* helloTests.swift */ = {isa = PBXFileReference; lastKnownFileType = sourcecode.swift; path = helloTests.swift; sourceTree = "<group>"; };
		0380EC5426704BD900DF4A87 /* helloUITests.xctest */ = {isa = PBXFileReference; explicitFileType = wrapper.cfbundle; includeInIndex = 0; path = helloUITests.xctest; sourceTree = BUILT_PRODUCTS_DIR; };
		0380EC5826704BD900DF4A87 /* helloUITests.swift */ = {isa = PBXFileReference; lastKnownFileType = sourcecode.swift; path = helloUITests.swift; sourceTree = "<group>"; };
		0380EC652670509C00DF4A87 /* Utils.swift */ = {isa = PBXFileReference; lastKnownFileType = sourcecode.swift; path = Utils.swift; sourceTree = "<group>"; };
		0380EC67267054D900DF4A87 /* hello.entitlements */ = {isa = PBXFileReference; lastKnownFileType = text.plist.entitlements; path = hello.entitlements; sourceTree = "<group>"; };
		0380EC682670556200DF4A87 /* Info.plist */ = {isa = PBXFileReference; lastKnownFileType = text.plist; path = Info.plist; sourceTree = "<group>"; };
		03D33243267267E9006135BE /* WelcomeView.swift */ = {isa = PBXFileReference; lastKnownFileType = sourcecode.swift; path = WelcomeView.swift; sourceTree = "<group>"; };
		03D3324826729172006135BE /* Defaults.swift */ = {isa = PBXFileReference; lastKnownFileType = sourcecode.swift; path = Defaults.swift; sourceTree = "<group>"; };
		03D3324B26729238006135BE /* PreferencesStructure.swift */ = {isa = PBXFileReference; lastKnownFileType = sourcecode.swift; path = PreferencesStructure.swift; sourceTree = "<group>"; };
		03D3324D2672A3EC006135BE /* TopIcons.swift */ = {isa = PBXFileReference; lastKnownFileType = sourcecode.swift; path = TopIcons.swift; sourceTree = "<group>"; };
		03D3324F2672A412006135BE /* CompanyText.swift */ = {isa = PBXFileReference; lastKnownFileType = sourcecode.swift; path = CompanyText.swift; sourceTree = "<group>"; };
		03D332522672A4A7006135BE /* PrimaryStatus.swift */ = {isa = PBXFileReference; lastKnownFileType = sourcecode.swift; path = PrimaryStatus.swift; sourceTree = "<group>"; };
		03D332572672A69F006135BE /* ProvisioningView.swift */ = {isa = PBXFileReference; lastKnownFileType = sourcecode.swift; path = ProvisioningView.swift; sourceTree = "<group>"; };
		03F00B8C2673AE1E004399FE /* ExitView.swift */ = {isa = PBXFileReference; lastKnownFileType = sourcecode.swift; path = ExitView.swift; sourceTree = "<group>"; };
/* End PBXFileReference section */

/* Begin PBXFrameworksBuildPhase section */
		0380EC3726704BD800DF4A87 /* Frameworks */ = {
			isa = PBXFrameworksBuildPhase;
			buildActionMask = 2147483647;
			files = (
			);
			runOnlyForDeploymentPostprocessing = 0;
		};
		0380EC4726704BD900DF4A87 /* Frameworks */ = {
			isa = PBXFrameworksBuildPhase;
			buildActionMask = 2147483647;
			files = (
			);
			runOnlyForDeploymentPostprocessing = 0;
		};
		0380EC5126704BD900DF4A87 /* Frameworks */ = {
			isa = PBXFrameworksBuildPhase;
			buildActionMask = 2147483647;
			files = (
			);
			runOnlyForDeploymentPostprocessing = 0;
		};
/* End PBXFrameworksBuildPhase section */

/* Begin PBXGroup section */
		0380EC3126704BD800DF4A87 = {
			isa = PBXGroup;
			children = (
				036BFFEA2C56ABF30077D261 /* README.md */,
				0380EC3C26704BD800DF4A87 /* hello */,
				0380EC4D26704BD900DF4A87 /* helloTests */,
				0380EC5726704BD900DF4A87 /* helloUITests */,
				0380EC3B26704BD800DF4A87 /* Products */,
			);
			sourceTree = "<group>";
		};
		0380EC3B26704BD800DF4A87 /* Products */ = {
			isa = PBXGroup;
			children = (
				0380EC3A26704BD800DF4A87 /* hello.app */,
				0380EC4A26704BD900DF4A87 /* helloTests.xctest */,
				0380EC5426704BD900DF4A87 /* helloUITests.xctest */,
			);
			name = Products;
			sourceTree = "<group>";
		};
		0380EC3C26704BD800DF4A87 /* hello */ = {
			isa = PBXGroup;
			children = (
				03D332512672A46F006135BE /* UI */,
				03D3324726729161006135BE /* Preferences */,
				0380EC652670509C00DF4A87 /* Utils.swift */,
				036C17BD2674F0AF006461A9 /* _Notes.swift */,
				0380EC682670556200DF4A87 /* Info.plist */,
				0380EC67267054D900DF4A87 /* hello.entitlements */,
				0380EC4126704BD900DF4A87 /* Assets.xcassets */,
				0380EC4326704BD900DF4A87 /* Preview Content */,
			);
			path = hello;
			sourceTree = "<group>";
		};
		0380EC4326704BD900DF4A87 /* Preview Content */ = {
			isa = PBXGroup;
			children = (
				0380EC4426704BD900DF4A87 /* Preview Assets.xcassets */,
			);
			path = "Preview Content";
			sourceTree = "<group>";
		};
		0380EC4D26704BD900DF4A87 /* helloTests */ = {
			isa = PBXGroup;
			children = (
				0380EC4E26704BD900DF4A87 /* helloTests.swift */,
			);
			path = helloTests;
			sourceTree = "<group>";
		};
		0380EC5726704BD900DF4A87 /* helloUITests */ = {
			isa = PBXGroup;
			children = (
				0380EC5826704BD900DF4A87 /* helloUITests.swift */,
			);
			path = helloUITests;
			sourceTree = "<group>";
		};
		03D3324726729161006135BE /* Preferences */ = {
			isa = PBXGroup;
			children = (
				03D3324826729172006135BE /* Defaults.swift */,
				03D3324B26729238006135BE /* PreferencesStructure.swift */,
			);
			path = Preferences;
			sourceTree = "<group>";
		};
		03D332512672A46F006135BE /* UI */ = {
			isa = PBXGroup;
			children = (
				0380EC3D26704BD800DF4A87 /* helloApp.swift */,
				0380EC3F26704BD800DF4A87 /* ContentView.swift */,
				03D33243267267E9006135BE /* WelcomeView.swift */,
				03D332572672A69F006135BE /* ProvisioningView.swift */,
				03F00B8C2673AE1E004399FE /* ExitView.swift */,
				03D3324D2672A3EC006135BE /* TopIcons.swift */,
				03D332562672A67D006135BE /* Provisioning */,
				0305DD12267AA086000DA4C7 /* Misc.swift */,
			);
			path = UI;
			sourceTree = "<group>";
		};
		03D332562672A67D006135BE /* Provisioning */ = {
			isa = PBXGroup;
			children = (
				03D3324F2672A412006135BE /* CompanyText.swift */,
				03D332522672A4A7006135BE /* PrimaryStatus.swift */,
				0305DD10267A9FF7000DA4C7 /* SecondaryStatus.swift */,
			);
			path = Provisioning;
			sourceTree = "<group>";
		};
/* End PBXGroup section */

/* Begin PBXNativeTarget section */
		0380EC3926704BD800DF4A87 /* hello */ = {
			isa = PBXNativeTarget;
			buildConfigurationList = 0380EC5C26704BD900DF4A87 /* Build configuration list for PBXNativeTarget "hello" */;
			buildPhases = (
				0380EC3626704BD800DF4A87 /* Sources */,
				0380EC3726704BD800DF4A87 /* Frameworks */,
				0380EC3826704BD800DF4A87 /* Resources */,
			);
			buildRules = (
			);
			dependencies = (
			);
			name = hello;
			packageProductDependencies = (
			);
			productName = hello;
			productReference = 0380EC3A26704BD800DF4A87 /* hello.app */;
			productType = "com.apple.product-type.application";
		};
		0380EC4926704BD900DF4A87 /* helloTests */ = {
			isa = PBXNativeTarget;
			buildConfigurationList = 0380EC5F26704BD900DF4A87 /* Build configuration list for PBXNativeTarget "helloTests" */;
			buildPhases = (
				0380EC4626704BD900DF4A87 /* Sources */,
				0380EC4726704BD900DF4A87 /* Frameworks */,
				0380EC4826704BD900DF4A87 /* Resources */,
			);
			buildRules = (
			);
			dependencies = (
				0380EC4C26704BD900DF4A87 /* PBXTargetDependency */,
			);
			name = helloTests;
			productName = helloTests;
			productReference = 0380EC4A26704BD900DF4A87 /* helloTests.xctest */;
			productType = "com.apple.product-type.bundle.unit-test";
		};
		0380EC5326704BD900DF4A87 /* helloUITests */ = {
			isa = PBXNativeTarget;
			buildConfigurationList = 0380EC6226704BD900DF4A87 /* Build configuration list for PBXNativeTarget "helloUITests" */;
			buildPhases = (
				0380EC5026704BD900DF4A87 /* Sources */,
				0380EC5126704BD900DF4A87 /* Frameworks */,
				0380EC5226704BD900DF4A87 /* Resources */,
			);
			buildRules = (
			);
			dependencies = (
				0380EC5626704BD900DF4A87 /* PBXTargetDependency */,
			);
			name = helloUITests;
			productName = helloUITests;
			productReference = 0380EC5426704BD900DF4A87 /* helloUITests.xctest */;
			productType = "com.apple.product-type.bundle.ui-testing";
		};
/* End PBXNativeTarget section */

/* Begin PBXProject section */
		0380EC3226704BD800DF4A87 /* Project object */ = {
			isa = PBXProject;
			attributes = {
				BuildIndependentTargetsInParallel = 1;
				LastSwiftUpdateCheck = 1300;
				LastUpgradeCheck = 1600;
				TargetAttributes = {
					0380EC3926704BD800DF4A87 = {
						CreatedOnToolsVersion = 13.0;
					};
					0380EC4926704BD900DF4A87 = {
						CreatedOnToolsVersion = 13.0;
						TestTargetID = 0380EC3926704BD800DF4A87;
					};
					0380EC5326704BD900DF4A87 = {
						CreatedOnToolsVersion = 13.0;
						TestTargetID = 0380EC3926704BD800DF4A87;
					};
				};
			};
			buildConfigurationList = 0380EC3526704BD800DF4A87 /* Build configuration list for PBXProject "hello" */;
			compatibilityVersion = "Xcode 13.0";
			developmentRegion = en;
			hasScannedForEncodings = 0;
			knownRegions = (
				en,
				Base,
			);
			mainGroup = 0380EC3126704BD800DF4A87;
			packageReferences = (
			);
			productRefGroup = 0380EC3B26704BD800DF4A87 /* Products */;
			projectDirPath = "";
			projectRoot = "";
			targets = (
				0380EC3926704BD800DF4A87 /* hello */,
				0380EC4926704BD900DF4A87 /* helloTests */,
				0380EC5326704BD900DF4A87 /* helloUITests */,
			);
		};
/* End PBXProject section */

/* Begin PBXResourcesBuildPhase section */
		0380EC3826704BD800DF4A87 /* Resources */ = {
			isa = PBXResourcesBuildPhase;
			buildActionMask = 2147483647;
			files = (
				0380EC4526704BD900DF4A87 /* Preview Assets.xcassets in Resources */,
				0380EC4226704BD900DF4A87 /* Assets.xcassets in Resources */,
			);
			runOnlyForDeploymentPostprocessing = 0;
		};
		0380EC4826704BD900DF4A87 /* Resources */ = {
			isa = PBXResourcesBuildPhase;
			buildActionMask = 2147483647;
			files = (
			);
			runOnlyForDeploymentPostprocessing = 0;
		};
		0380EC5226704BD900DF4A87 /* Resources */ = {
			isa = PBXResourcesBuildPhase;
			buildActionMask = 2147483647;
			files = (
			);
			runOnlyForDeploymentPostprocessing = 0;
		};
/* End PBXResourcesBuildPhase section */

/* Begin PBXSourcesBuildPhase section */
		0380EC3626704BD800DF4A87 /* Sources */ = {
			isa = PBXSourcesBuildPhase;
			buildActionMask = 2147483647;
			files = (
				03D3324E2672A3EC006135BE /* TopIcons.swift in Sources */,
				03D332502672A412006135BE /* CompanyText.swift in Sources */,
				03D332582672A69F006135BE /* ProvisioningView.swift in Sources */,
				03D33244267267E9006135BE /* WelcomeView.swift in Sources */,
				0305DD13267AA086000DA4C7 /* Misc.swift in Sources */,
				0305DD11267A9FF7000DA4C7 /* SecondaryStatus.swift in Sources */,
				0380EC4026704BD800DF4A87 /* ContentView.swift in Sources */,
				0380EC3E26704BD800DF4A87 /* helloApp.swift in Sources */,
				03D3324926729172006135BE /* Defaults.swift in Sources */,
				03D332532672A4A7006135BE /* PrimaryStatus.swift in Sources */,
				0380EC662670509C00DF4A87 /* Utils.swift in Sources */,
				03D3324C26729238006135BE /* PreferencesStructure.swift in Sources */,
				03F00B8D2673AE1E004399FE /* ExitView.swift in Sources */,
				036C17BE2674F0AF006461A9 /* _Notes.swift in Sources */,
			);
			runOnlyForDeploymentPostprocessing = 0;
		};
		0380EC4626704BD900DF4A87 /* Sources */ = {
			isa = PBXSourcesBuildPhase;
			buildActionMask = 2147483647;
			files = (
				0380EC4F26704BD900DF4A87 /* helloTests.swift in Sources */,
			);
			runOnlyForDeploymentPostprocessing = 0;
		};
		0380EC5026704BD900DF4A87 /* Sources */ = {
			isa = PBXSourcesBuildPhase;
			buildActionMask = 2147483647;
			files = (
				0380EC5926704BD900DF4A87 /* helloUITests.swift in Sources */,
			);
			runOnlyForDeploymentPostprocessing = 0;
		};
/* End PBXSourcesBuildPhase section */

/* Begin PBXTargetDependency section */
		0380EC4C26704BD900DF4A87 /* PBXTargetDependency */ = {
			isa = PBXTargetDependency;
			target = 0380EC3926704BD800DF4A87 /* hello */;
			targetProxy = 0380EC4B26704BD900DF4A87 /* PBXContainerItemProxy */;
		};
		0380EC5626704BD900DF4A87 /* PBXTargetDependency */ = {
			isa = PBXTargetDependency;
			target = 0380EC3926704BD800DF4A87 /* hello */;
			targetProxy = 0380EC5526704BD900DF4A87 /* PBXContainerItemProxy */;
		};
/* End PBXTargetDependency section */

/* Begin XCBuildConfiguration section */
		0380EC5A26704BD900DF4A87 /* Debug */ = {
			isa = XCBuildConfiguration;
			buildSettings = {
				ALWAYS_SEARCH_USER_PATHS = NO;
				ASSETCATALOG_COMPILER_GENERATE_SWIFT_ASSET_SYMBOL_EXTENSIONS = YES;
				CLANG_ANALYZER_NONNULL = YES;
				CLANG_ANALYZER_NUMBER_OBJECT_CONVERSION = YES_AGGRESSIVE;
				CLANG_CXX_LANGUAGE_STANDARD = "gnu++14";
				CLANG_CXX_LIBRARY = "libc++";
				CLANG_ENABLE_MODULES = YES;
				CLANG_ENABLE_OBJC_ARC = YES;
				CLANG_ENABLE_OBJC_WEAK = YES;
				CLANG_WARN_BLOCK_CAPTURE_AUTORELEASING = YES;
				CLANG_WARN_BOOL_CONVERSION = YES;
				CLANG_WARN_COMMA = YES;
				CLANG_WARN_CONSTANT_CONVERSION = YES;
				CLANG_WARN_DEPRECATED_OBJC_IMPLEMENTATIONS = YES;
				CLANG_WARN_DIRECT_OBJC_ISA_USAGE = YES_ERROR;
				CLANG_WARN_DOCUMENTATION_COMMENTS = YES;
				CLANG_WARN_EMPTY_BODY = YES;
				CLANG_WARN_ENUM_CONVERSION = YES;
				CLANG_WARN_INFINITE_RECURSION = YES;
				CLANG_WARN_INT_CONVERSION = YES;
				CLANG_WARN_NON_LITERAL_NULL_CONVERSION = YES;
				CLANG_WARN_OBJC_IMPLICIT_RETAIN_SELF = YES;
				CLANG_WARN_OBJC_LITERAL_CONVERSION = YES;
				CLANG_WARN_OBJC_ROOT_CLASS = YES_ERROR;
				CLANG_WARN_QUOTED_INCLUDE_IN_FRAMEWORK_HEADER = YES;
				CLANG_WARN_RANGE_LOOP_ANALYSIS = YES;
				CLANG_WARN_STRICT_PROTOTYPES = YES;
				CLANG_WARN_SUSPICIOUS_MOVE = YES;
				CLANG_WARN_UNGUARDED_AVAILABILITY = YES_AGGRESSIVE;
				CLANG_WARN_UNREACHABLE_CODE = YES;
				CLANG_WARN__DUPLICATE_METHOD_MATCH = YES;
				COPY_PHASE_STRIP = NO;
				DEAD_CODE_STRIPPING = YES;
				DEBUG_INFORMATION_FORMAT = dwarf;
				ENABLE_STRICT_OBJC_MSGSEND = YES;
				ENABLE_TESTABILITY = YES;
				ENABLE_USER_SCRIPT_SANDBOXING = YES;
				GCC_C_LANGUAGE_STANDARD = gnu11;
				GCC_DYNAMIC_NO_PIC = NO;
				GCC_NO_COMMON_BLOCKS = YES;
				GCC_OPTIMIZATION_LEVEL = 0;
				GCC_PREPROCESSOR_DEFINITIONS = (
					"DEBUG=1",
					"$(inherited)",
				);
				GCC_WARN_64_TO_32_BIT_CONVERSION = YES;
				GCC_WARN_ABOUT_RETURN_TYPE = YES_ERROR;
				GCC_WARN_UNDECLARED_SELECTOR = YES;
				GCC_WARN_UNINITIALIZED_AUTOS = YES_AGGRESSIVE;
				GCC_WARN_UNUSED_FUNCTION = YES;
				GCC_WARN_UNUSED_VARIABLE = YES;
				MACOSX_DEPLOYMENT_TARGET = 11.0;
				MTL_ENABLE_DEBUG_INFO = INCLUDE_SOURCE;
				MTL_FAST_MATH = YES;
				ONLY_ACTIVE_ARCH = YES;
				SDKROOT = macosx;
				SWIFT_ACTIVE_COMPILATION_CONDITIONS = DEBUG;
				SWIFT_OPTIMIZATION_LEVEL = "-Onone";
			};
			name = Debug;
		};
		0380EC5B26704BD900DF4A87 /* Release */ = {
			isa = XCBuildConfiguration;
			buildSettings = {
				ALWAYS_SEARCH_USER_PATHS = NO;
				ASSETCATALOG_COMPILER_GENERATE_SWIFT_ASSET_SYMBOL_EXTENSIONS = YES;
				CLANG_ANALYZER_NONNULL = YES;
				CLANG_ANALYZER_NUMBER_OBJECT_CONVERSION = YES_AGGRESSIVE;
				CLANG_CXX_LANGUAGE_STANDARD = "gnu++14";
				CLANG_CXX_LIBRARY = "libc++";
				CLANG_ENABLE_MODULES = YES;
				CLANG_ENABLE_OBJC_ARC = YES;
				CLANG_ENABLE_OBJC_WEAK = YES;
				CLANG_WARN_BLOCK_CAPTURE_AUTORELEASING = YES;
				CLANG_WARN_BOOL_CONVERSION = YES;
				CLANG_WARN_COMMA = YES;
				CLANG_WARN_CONSTANT_CONVERSION = YES;
				CLANG_WARN_DEPRECATED_OBJC_IMPLEMENTATIONS = YES;
				CLANG_WARN_DIRECT_OBJC_ISA_USAGE = YES_ERROR;
				CLANG_WARN_DOCUMENTATION_COMMENTS = YES;
				CLANG_WARN_EMPTY_BODY = YES;
				CLANG_WARN_ENUM_CONVERSION = YES;
				CLANG_WARN_INFINITE_RECURSION = YES;
				CLANG_WARN_INT_CONVERSION = YES;
				CLANG_WARN_NON_LITERAL_NULL_CONVERSION = YES;
				CLANG_WARN_OBJC_IMPLICIT_RETAIN_SELF = YES;
				CLANG_WARN_OBJC_LITERAL_CONVERSION = YES;
				CLANG_WARN_OBJC_ROOT_CLASS = YES_ERROR;
				CLANG_WARN_QUOTED_INCLUDE_IN_FRAMEWORK_HEADER = YES;
				CLANG_WARN_RANGE_LOOP_ANALYSIS = YES;
				CLANG_WARN_STRICT_PROTOTYPES = YES;
				CLANG_WARN_SUSPICIOUS_MOVE = YES;
				CLANG_WARN_UNGUARDED_AVAILABILITY = YES_AGGRESSIVE;
				CLANG_WARN_UNREACHABLE_CODE = YES;
				CLANG_WARN__DUPLICATE_METHOD_MATCH = YES;
				COPY_PHASE_STRIP = NO;
				DEAD_CODE_STRIPPING = YES;
				DEBUG_INFORMATION_FORMAT = "dwarf-with-dsym";
				ENABLE_NS_ASSERTIONS = NO;
				ENABLE_STRICT_OBJC_MSGSEND = YES;
				ENABLE_USER_SCRIPT_SANDBOXING = YES;
				GCC_C_LANGUAGE_STANDARD = gnu11;
				GCC_NO_COMMON_BLOCKS = YES;
				GCC_WARN_64_TO_32_BIT_CONVERSION = YES;
				GCC_WARN_ABOUT_RETURN_TYPE = YES_ERROR;
				GCC_WARN_UNDECLARED_SELECTOR = YES;
				GCC_WARN_UNINITIALIZED_AUTOS = YES_AGGRESSIVE;
				GCC_WARN_UNUSED_FUNCTION = YES;
				GCC_WARN_UNUSED_VARIABLE = YES;
				MACOSX_DEPLOYMENT_TARGET = 11.0;
				MTL_ENABLE_DEBUG_INFO = NO;
				MTL_FAST_MATH = YES;
				SDKROOT = macosx;
				SWIFT_COMPILATION_MODE = wholemodule;
				SWIFT_OPTIMIZATION_LEVEL = "-O";
			};
			name = Release;
		};
		0380EC5D26704BD900DF4A87 /* Debug */ = {
			isa = XCBuildConfiguration;
			buildSettings = {
				ASSETCATALOG_COMPILER_APPICON_NAME = AppIcon;
				ASSETCATALOG_COMPILER_GLOBAL_ACCENT_COLOR_NAME = AccentColor;
				CODE_SIGN_ENTITLEMENTS = hello/hello.entitlements;
				CODE_SIGN_IDENTITY = "Apple Development";
				CODE_SIGN_STYLE = Automatic;
				COMBINE_HIDPI_IMAGES = YES;
				CURRENT_PROJECT_VERSION = 1;
				DEAD_CODE_STRIPPING = YES;
				DEVELOPMENT_ASSET_PATHS = "\"hello/Preview Content\"";
				DEVELOPMENT_TEAM = U7DN82F4L9;
				ENABLE_APP_SANDBOX = NO;
				ENABLE_HARDENED_RUNTIME = YES;
				ENABLE_PREVIEWS = YES;
				ENABLE_USER_SELECTED_FILES = readonly;
				GENERATE_INFOPLIST_FILE = YES;
				INFOPLIST_FILE = hello/Info.plist;
				INFOPLIST_KEY_CFBundleExecutable = hello;
				INFOPLIST_KEY_CFBundleName = hello;
				INFOPLIST_KEY_CFBundleVersion = 3;
				INFOPLIST_KEY_NSHumanReadableCopyright = "";
				LD_RUNPATH_SEARCH_PATHS = (
					"$(inherited)",
					"@executable_path/../Frameworks",
				);
				MACOSX_DEPLOYMENT_TARGET = 14.5;
				MARKETING_VERSION = 0.0.3;
				PRODUCT_BUNDLE_IDENTIFIER = com.erikng.hello;
				PRODUCT_NAME = "$(TARGET_NAME)";
				PROVISIONING_PROFILE_SPECIFIER = "";
				SWIFT_EMIT_LOC_STRINGS = YES;
				SWIFT_VERSION = 5.0;
			};
			name = Debug;
		};
		0380EC5E26704BD900DF4A87 /* Release */ = {
			isa = XCBuildConfiguration;
			buildSettings = {
				ASSETCATALOG_COMPILER_APPICON_NAME = AppIcon;
				ASSETCATALOG_COMPILER_GLOBAL_ACCENT_COLOR_NAME = AccentColor;
				CODE_SIGN_ENTITLEMENTS = hello/hello.entitlements;
				CODE_SIGN_IDENTITY = "Apple Development";
				CODE_SIGN_STYLE = Automatic;
				COMBINE_HIDPI_IMAGES = YES;
				CURRENT_PROJECT_VERSION = 1;
				DEAD_CODE_STRIPPING = YES;
				DEVELOPMENT_ASSET_PATHS = "\"hello/Preview Content\"";
				DEVELOPMENT_TEAM = U7DN82F4L9;
				ENABLE_APP_SANDBOX = NO;
				ENABLE_HARDENED_RUNTIME = YES;
				ENABLE_PREVIEWS = YES;
				ENABLE_USER_SELECTED_FILES = readonly;
				GENERATE_INFOPLIST_FILE = YES;
				INFOPLIST_FILE = hello/Info.plist;
				INFOPLIST_KEY_CFBundleExecutable = hello;
				INFOPLIST_KEY_CFBundleName = hello;
				INFOPLIST_KEY_CFBundleVersion = 3;
				INFOPLIST_KEY_NSHumanReadableCopyright = "";
				LD_RUNPATH_SEARCH_PATHS = (
					"$(inherited)",
					"@executable_path/../Frameworks",
				);
				MACOSX_DEPLOYMENT_TARGET = 14.5;
				MARKETING_VERSION = 0.0.3;
				PRODUCT_BUNDLE_IDENTIFIER = com.erikng.hello;
				PRODUCT_NAME = "$(TARGET_NAME)";
				PROVISIONING_PROFILE_SPECIFIER = "";
				SWIFT_EMIT_LOC_STRINGS = YES;
				SWIFT_VERSION = 5.0;
			};
			name = Release;
		};
		0380EC6026704BD900DF4A87 /* Debug */ = {
			isa = XCBuildConfiguration;
			buildSettings = {
				BUNDLE_LOADER = "$(TEST_HOST)";
				CODE_SIGN_STYLE = Automatic;
				COMBINE_HIDPI_IMAGES = YES;
				CURRENT_PROJECT_VERSION = 1;
				DEAD_CODE_STRIPPING = YES;
				GENERATE_INFOPLIST_FILE = YES;
				LD_RUNPATH_SEARCH_PATHS = (
					"$(inherited)",
					"@executable_path/../Frameworks",
					"@loader_path/../Frameworks",
				);
				MACOSX_DEPLOYMENT_TARGET = 11.0;
				MARKETING_VERSION = 1.0;
				PRODUCT_BUNDLE_IDENTIFIER = com.erikng.helloTests;
				PRODUCT_NAME = "$(TARGET_NAME)";
				SWIFT_EMIT_LOC_STRINGS = NO;
				SWIFT_VERSION = 5.0;
				TEST_HOST = "$(BUILT_PRODUCTS_DIR)/hello.app/Contents/MacOS/hello";
			};
			name = Debug;
		};
		0380EC6126704BD900DF4A87 /* Release */ = {
			isa = XCBuildConfiguration;
			buildSettings = {
				BUNDLE_LOADER = "$(TEST_HOST)";
				CODE_SIGN_STYLE = Automatic;
				COMBINE_HIDPI_IMAGES = YES;
				CURRENT_PROJECT_VERSION = 1;
				DEAD_CODE_STRIPPING = YES;
				GENERATE_INFOPLIST_FILE = YES;
				LD_RUNPATH_SEARCH_PATHS = (
					"$(inherited)",
					"@executable_path/../Frameworks",
					"@loader_path/../Frameworks",
				);
				MACOSX_DEPLOYMENT_TARGET = 11.0;
				MARKETING_VERSION = 1.0;
				PRODUCT_BUNDLE_IDENTIFIER = com.erikng.helloTests;
				PRODUCT_NAME = "$(TARGET_NAME)";
				SWIFT_EMIT_LOC_STRINGS = NO;
				SWIFT_VERSION = 5.0;
				TEST_HOST = "$(BUILT_PRODUCTS_DIR)/hello.app/Contents/MacOS/hello";
			};
			name = Release;
		};
		0380EC6326704BD900DF4A87 /* Debug */ = {
			isa = XCBuildConfiguration;
			buildSettings = {
				CODE_SIGN_STYLE = Automatic;
				COMBINE_HIDPI_IMAGES = YES;
				CURRENT_PROJECT_VERSION = 1;
				DEAD_CODE_STRIPPING = YES;
				GENERATE_INFOPLIST_FILE = YES;
				LD_RUNPATH_SEARCH_PATHS = (
					"$(inherited)",
					"@executable_path/../Frameworks",
					"@loader_path/../Frameworks",
				);
				MARKETING_VERSION = 1.0;
				PRODUCT_BUNDLE_IDENTIFIER = com.erikng.helloUITests;
				PRODUCT_NAME = "$(TARGET_NAME)";
				SWIFT_EMIT_LOC_STRINGS = NO;
				SWIFT_VERSION = 5.0;
				TEST_TARGET_NAME = hello;
			};
			name = Debug;
		};
		0380EC6426704BD900DF4A87 /* Release */ = {
			isa = XCBuildConfiguration;
			buildSettings = {
				CODE_SIGN_STYLE = Automatic;
				COMBINE_HIDPI_IMAGES = YES;
				CURRENT_PROJECT_VERSION = 1;
				DEAD_CODE_STRIPPING = YES;
				GENERATE_INFOPLIST_FILE = YES;
				LD_RUNPATH_SEARCH_PATHS = (
					"$(inherited)",
					"@executable_path/../Frameworks",
					"@loader_path/../Frameworks",
				);
				MARKETING_VERSION = 1.0;
				PRODUCT_BUNDLE_IDENTIFIER = com.erikng.helloUITests;
				PRODUCT_NAME = "$(TARGET_NAME)";
				SWIFT_EMIT_LOC_STRINGS = NO;
				SWIFT_VERSION = 5.0;
				TEST_TARGET_NAME = hello;
			};
			name = Release;
		};
/* End XCBuildConfiguration section */

/* Begin XCConfigurationList section */
		0380EC3526704BD800DF4A87 /* Build configuration list for PBXProject "hello" */ = {
			isa = XCConfigurationList;
			buildConfigurations = (
				0380EC5A26704BD900DF4A87 /* Debug */,
				0380EC5B26704BD900DF4A87 /* Release */,
			);
			defaultConfigurationIsVisible = 0;
			defaultConfigurationName = Release;
		};
		0380EC5C26704BD900DF4A87 /* Build configuration list for PBXNativeTarget "hello" */ = {
			isa = XCConfigurationList;
			buildConfigurations = (
				0380EC5D26704BD900DF4A87 /* Debug */,
				0380EC5E26704BD900DF4A87 /* Release */,
			);
			defaultConfigurationIsVisible = 0;
			defaultConfigurationName = Release;
		};
		0380EC5F26704BD900DF4A87 /* Build configuration list for PBXNativeTarget "helloTests" */ = {
			isa = XCConfigurationList;
			buildConfigurations = (
				0380EC6026704BD900DF4A87 /* Debug */,
				0380EC6126704BD900DF4A87 /* Release */,
			);
			defaultConfigurationIsVisible = 0;
			defaultConfigurationName = Release;
		};
		0380EC6226704BD900DF4A87 /* Build configuration list for PBXNativeTarget "helloUITests" */ = {
			isa = XCConfigurationList;
			buildConfigurations = (
				0380EC6326704BD900DF4A87 /* Debug */,
				0380EC6426704BD900DF4A87 /* Release */,
			);
			defaultConfigurationIsVisible = 0;
			defaultConfigurationName = Release;
		};
/* End XCConfigurationList section */
	};
	rootObject = 0380EC3226704BD800DF4A87 /* Project object */;
}
